
Microsoft Visual Studio Solution File, Format Version 12.00
Project("{FAE04EC0-301F-11D3-BF4B-00C04F79EFBC}") = "Pharmacix", "Pharmacix.csproj", "{036C0077-308B-44AB-ACEE-D40AA717F4B6}"
EndProject
Global
	GlobalSection(SolutionConfigurationPlatforms) = preSolution
		Debug|Any CPU = Debug|Any CPU
		Release|Any CPU = Release|Any CPU
	EndGlobalSection
	GlobalSection(ProjectConfigurationPlatforms) = postSolution
		{036C0077-308B-44AB-ACEE-D40AA717F4B6}.Debug|Any CPU.ActiveCfg = Debug|Any CPU
		{036C0077-308B-44AB-ACEE-D40AA717F4B6}.Debug|Any CPU.Build.0 = Debug|Any CPU
		{036C0077-308B-44AB-ACEE-D40AA717F4B6}.Release|Any CPU.ActiveCfg = Release|Any CPU
		{036C0077-308B-44AB-ACEE-D40AA717F4B6}.Release|Any CPU.Build.0 = Release|Any CPU
	EndGlobalSection
EndGlobal
